// !$*UTF8*$!
{
	archiveVersion = 1;
	classes = {
	};
	objectVersion = 56;
	objects = {

/* Begin PBXBuildFile section */
		D9152FE12B82AD5600BBD8FC /* SleepyTimeAppApp.swift in Sources */ = {isa = PBXBuildFile; fileRef = D9152FE02B82AD5600BBD8FC /* SleepyTimeAppApp.swift */; };
		D9152FE32B82AD5600BBD8FC /* ContentView.swift in Sources */ = {isa = PBXBuildFile; fileRef = D9152FE22B82AD5600BBD8FC /* ContentView.swift */; };
		D9152FE52B82AD5900BBD8FC /* Assets.xcassets in Resources */ = {isa = PBXBuildFile; fileRef = D9152FE42B82AD5900BBD8FC /* Assets.xcassets */; };
		D9152FE82B82AD5900BBD8FC /* Preview Assets.xcassets in Resources */ = {isa = PBXBuildFile; fileRef = D9152FE72B82AD5900BBD8FC /* Preview Assets.xcassets */; };
		D9152FF22B82AD5A00BBD8FC /* SleepyTimeAppTests.swift in Sources */ = {isa = PBXBuildFile; fileRef = D9152FF12B82AD5A00BBD8FC /* SleepyTimeAppTests.swift */; };
		D9152FFC2B82AD5A00BBD8FC /* SleepyTimeAppUITests.swift in Sources */ = {isa = PBXBuildFile; fileRef = D9152FFB2B82AD5A00BBD8FC /* SleepyTimeAppUITests.swift */; };
		D9152FFE2B82AD5A00BBD8FC /* SleepyTimeAppUITestsLaunchTests.swift in Sources */ = {isa = PBXBuildFile; fileRef = D9152FFD2B82AD5A00BBD8FC /* SleepyTimeAppUITestsLaunchTests.swift */; };
		D9A4CAEA2BA7BA8A0071B9D9 /* SleepyTimeView.swift in Sources */ = {isa = PBXBuildFile; fileRef = D9A4CAE92BA7BA8A0071B9D9 /* SleepyTimeView.swift */; };
		D9A4CAEC2BA7BB560071B9D9 /* SleepLogView.swift in Sources */ = {isa = PBXBuildFile; fileRef = D9A4CAEB2BA7BB560071B9D9 /* SleepLogView.swift */; };
		D9A4CAEE2BA7BBF80071B9D9 /* SleepStatisticsView.swift in Sources */ = {isa = PBXBuildFile; fileRef = D9A4CAED2BA7BBF80071B9D9 /* SleepStatisticsView.swift */; };
		D9A4CAF02BA7BC9A0071B9D9 /* Stats.swift in Sources */ = {isa = PBXBuildFile; fileRef = D9A4CAEF2BA7BC9A0071B9D9 /* Stats.swift */; };
		D9A4CAF22BA7BD190071B9D9 /* SetAlarmView.swift in Sources */ = {isa = PBXBuildFile; fileRef = D9A4CAF12BA7BD190071B9D9 /* SetAlarmView.swift */; };
		D9E5757D2BA136AF009C6023 /* alarm.wav in Resources */ = {isa = PBXBuildFile; fileRef = D9E84E352B9FFB36006591B6 /* alarm.wav */; };
		D9E5757E2BA136B0009C6023 /* alarm.wav in Resources */ = {isa = PBXBuildFile; fileRef = D9E84E352B9FFB36006591B6 /* alarm.wav */; };
		D9E575812BA13BA3009C6023 /* Sounds.swift in Sources */ = {isa = PBXBuildFile; fileRef = D9E575802BA13BA3009C6023 /* Sounds.swift */; };
		D9E84E2E2B924C8C006591B6 /* SplashScreen.swift in Sources */ = {isa = PBXBuildFile; fileRef = D9E84E2D2B924C8C006591B6 /* SplashScreen.swift */; };
		D9E84E362B9FFB36006591B6 /* alarm.wav in Resources */ = {isa = PBXBuildFile; fileRef = D9E84E352B9FFB36006591B6 /* alarm.wav */; };
/* End PBXBuildFile section */

/* Begin PBXContainerItemProxy section */
		D9152FEE2B82AD5A00BBD8FC /* PBXContainerItemProxy */ = {
			isa = PBXContainerItemProxy;
			containerPortal = D9152FD52B82AD5600BBD8FC /* Project object */;
			proxyType = 1;
			remoteGlobalIDString = D9152FDC2B82AD5600BBD8FC;
			remoteInfo = SleepyTimeApp;
		};
		D9152FF82B82AD5A00BBD8FC /* PBXContainerItemProxy */ = {
			isa = PBXContainerItemProxy;
			containerPortal = D9152FD52B82AD5600BBD8FC /* Project object */;
			proxyType = 1;
			remoteGlobalIDString = D9152FDC2B82AD5600BBD8FC;
			remoteInfo = SleepyTimeApp;
		};
/* End PBXContainerItemProxy section */

/* Begin PBXFileReference section */
		D9152FDD2B82AD5600BBD8FC /* SleepyTimeApp.app */ = {isa = PBXFileReference; explicitFileType = wrapper.application; includeInIndex = 0; path = SleepyTimeApp.app; sourceTree = BUILT_PRODUCTS_DIR; };
		D9152FE02B82AD5600BBD8FC /* SleepyTimeAppApp.swift */ = {isa = PBXFileReference; lastKnownFileType = sourcecode.swift; path = SleepyTimeAppApp.swift; sourceTree = "<group>"; };
		D9152FE22B82AD5600BBD8FC /* ContentView.swift */ = {isa = PBXFileReference; lastKnownFileType = sourcecode.swift; path = ContentView.swift; sourceTree = "<group>"; };
		D9152FE42B82AD5900BBD8FC /* Assets.xcassets */ = {isa = PBXFileReference; lastKnownFileType = folder.assetcatalog; path = Assets.xcassets; sourceTree = "<group>"; };
		D9152FE72B82AD5900BBD8FC /* Preview Assets.xcassets */ = {isa = PBXFileReference; lastKnownFileType = folder.assetcatalog; path = "Preview Assets.xcassets"; sourceTree = "<group>"; };
		D9152FED2B82AD5A00BBD8FC /* SleepyTimeAppTests.xctest */ = {isa = PBXFileReference; explicitFileType = wrapper.cfbundle; includeInIndex = 0; path = SleepyTimeAppTests.xctest; sourceTree = BUILT_PRODUCTS_DIR; };
		D9152FF12B82AD5A00BBD8FC /* SleepyTimeAppTests.swift */ = {isa = PBXFileReference; lastKnownFileType = sourcecode.swift; path = SleepyTimeAppTests.swift; sourceTree = "<group>"; };
		D9152FF72B82AD5A00BBD8FC /* SleepyTimeAppUITests.xctest */ = {isa = PBXFileReference; explicitFileType = wrapper.cfbundle; includeInIndex = 0; path = SleepyTimeAppUITests.xctest; sourceTree = BUILT_PRODUCTS_DIR; };
		D9152FFB2B82AD5A00BBD8FC /* SleepyTimeAppUITests.swift */ = {isa = PBXFileReference; lastKnownFileType = sourcecode.swift; path = SleepyTimeAppUITests.swift; sourceTree = "<group>"; };
		D9152FFD2B82AD5A00BBD8FC /* SleepyTimeAppUITestsLaunchTests.swift */ = {isa = PBXFileReference; lastKnownFileType = sourcecode.swift; path = SleepyTimeAppUITestsLaunchTests.swift; sourceTree = "<group>"; };
		D9A4CAE92BA7BA8A0071B9D9 /* SleepyTimeView.swift */ = {isa = PBXFileReference; lastKnownFileType = sourcecode.swift; path = SleepyTimeView.swift; sourceTree = "<group>"; };
		D9A4CAEB2BA7BB560071B9D9 /* SleepLogView.swift */ = {isa = PBXFileReference; lastKnownFileType = sourcecode.swift; path = SleepLogView.swift; sourceTree = "<group>"; };
		D9A4CAED2BA7BBF80071B9D9 /* SleepStatisticsView.swift */ = {isa = PBXFileReference; lastKnownFileType = sourcecode.swift; path = SleepStatisticsView.swift; sourceTree = "<group>"; };
		D9A4CAEF2BA7BC9A0071B9D9 /* Stats.swift */ = {isa = PBXFileReference; lastKnownFileType = sourcecode.swift; name = Stats.swift; path = "Preview Content/Stats.swift"; sourceTree = "<group>"; };
		D9A4CAF12BA7BD190071B9D9 /* SetAlarmView.swift */ = {isa = PBXFileReference; lastKnownFileType = sourcecode.swift; path = SetAlarmView.swift; sourceTree = "<group>"; };
		D9E575802BA13BA3009C6023 /* Sounds.swift */ = {isa = PBXFileReference; lastKnownFileType = sourcecode.swift; path = Sounds.swift; sourceTree = "<group>"; };
		D9E84E2D2B924C8C006591B6 /* SplashScreen.swift */ = {isa = PBXFileReference; lastKnownFileType = sourcecode.swift; path = SplashScreen.swift; sourceTree = "<group>"; };
		D9E84E352B9FFB36006591B6 /* alarm.wav */ = {isa = PBXFileReference; lastKnownFileType = audio.wav; path = alarm.wav; sourceTree = "<group>"; };
/* End PBXFileReference section */

/* Begin PBXFrameworksBuildPhase section */
		D9152FDA2B82AD5600BBD8FC /* Frameworks */ = {
			isa = PBXFrameworksBuildPhase;
			buildActionMask = 2147483647;
			files = (
			);
			runOnlyForDeploymentPostprocessing = 0;
		};
		D9152FEA2B82AD5A00BBD8FC /* Frameworks */ = {
			isa = PBXFrameworksBuildPhase;
			buildActionMask = 2147483647;
			files = (
			);
			runOnlyForDeploymentPostprocessing = 0;
		};
		D9152FF42B82AD5A00BBD8FC /* Frameworks */ = {
			isa = PBXFrameworksBuildPhase;
			buildActionMask = 2147483647;
			files = (
			);
			runOnlyForDeploymentPostprocessing = 0;
		};
/* End PBXFrameworksBuildPhase section */

/* Begin PBXGroup section */
		D9152FD42B82AD5600BBD8FC = {
			isa = PBXGroup;
			children = (
				D9152FDF2B82AD5600BBD8FC /* SleepyTimeApp */,
				D9152FF02B82AD5A00BBD8FC /* SleepyTimeAppTests */,
				D9152FFA2B82AD5A00BBD8FC /* SleepyTimeAppUITests */,
				D9152FDE2B82AD5600BBD8FC /* Products */,
			);
			sourceTree = "<group>";
		};
		D9152FDE2B82AD5600BBD8FC /* Products */ = {
			isa = PBXGroup;
			children = (
				D9152FDD2B82AD5600BBD8FC /* SleepyTimeApp.app */,
				D9152FED2B82AD5A00BBD8FC /* SleepyTimeAppTests.xctest */,
				D9152FF72B82AD5A00BBD8FC /* SleepyTimeAppUITests.xctest */,
			);
			name = Products;
			sourceTree = "<group>";
		};
		D9152FDF2B82AD5600BBD8FC /* SleepyTimeApp */ = {
			isa = PBXGroup;
			children = (
				D9152FE02B82AD5600BBD8FC /* SleepyTimeAppApp.swift */,
				D9152FE22B82AD5600BBD8FC /* ContentView.swift */,
				D9A4CAF12BA7BD190071B9D9 /* SetAlarmView.swift */,
				D9E84E2D2B924C8C006591B6 /* SplashScreen.swift */,
				D9A4CAE92BA7BA8A0071B9D9 /* SleepyTimeView.swift */,
				D9A4CAEB2BA7BB560071B9D9 /* SleepLogView.swift */,
				D9A4CAED2BA7BBF80071B9D9 /* SleepStatisticsView.swift */,
				D9152FE42B82AD5900BBD8FC /* Assets.xcassets */,
				D9E84E342B9FFAA1006591B6 /* Sounds */,
				D9152FE62B82AD5900BBD8FC /* Preview Content */,
				D9E575802BA13BA3009C6023 /* Sounds.swift */,
				D9A4CAEF2BA7BC9A0071B9D9 /* Stats.swift */,
			);
			path = SleepyTimeApp;
			sourceTree = "<group>";
		};
		D9152FE62B82AD5900BBD8FC /* Preview Content */ = {
			isa = PBXGroup;
			children = (
				D9152FE72B82AD5900BBD8FC /* Preview Assets.xcassets */,
			);
			path = "Preview Content";
			sourceTree = "<group>";
		};
		D9152FF02B82AD5A00BBD8FC /* SleepyTimeAppTests */ = {
			isa = PBXGroup;
			children = (
				D9152FF12B82AD5A00BBD8FC /* SleepyTimeAppTests.swift */,
			);
			path = SleepyTimeAppTests;
			sourceTree = "<group>";
		};
		D9152FFA2B82AD5A00BBD8FC /* SleepyTimeAppUITests */ = {
			isa = PBXGroup;
			children = (
				D9152FFB2B82AD5A00BBD8FC /* SleepyTimeAppUITests.swift */,
				D9152FFD2B82AD5A00BBD8FC /* SleepyTimeAppUITestsLaunchTests.swift */,
			);
			path = SleepyTimeAppUITests;
			sourceTree = "<group>";
		};
		D9E84E342B9FFAA1006591B6 /* Sounds */ = {
			isa = PBXGroup;
			children = (
				D9E84E352B9FFB36006591B6 /* alarm.wav */,
			);
			path = Sounds;
			sourceTree = "<group>";
		};
/* End PBXGroup section */

/* Begin PBXNativeTarget section */
		D9152FDC2B82AD5600BBD8FC /* SleepyTimeApp */ = {
			isa = PBXNativeTarget;
			buildConfigurationList = D91530012B82AD5A00BBD8FC /* Build configuration list for PBXNativeTarget "SleepyTimeApp" */;
			buildPhases = (
				D9152FD92B82AD5600BBD8FC /* Sources */,
				D9152FDA2B82AD5600BBD8FC /* Frameworks */,
				D9152FDB2B82AD5600BBD8FC /* Resources */,
			);
			buildRules = (
			);
			dependencies = (
			);
			name = SleepyTimeApp;
			productName = SleepyTimeApp;
			productReference = D9152FDD2B82AD5600BBD8FC /* SleepyTimeApp.app */;
			productType = "com.apple.product-type.application";
		};
		D9152FEC2B82AD5A00BBD8FC /* SleepyTimeAppTests */ = {
			isa = PBXNativeTarget;
			buildConfigurationList = D91530042B82AD5A00BBD8FC /* Build configuration list for PBXNativeTarget "SleepyTimeAppTests" */;
			buildPhases = (
				D9152FE92B82AD5A00BBD8FC /* Sources */,
				D9152FEA2B82AD5A00BBD8FC /* Frameworks */,
				D9152FEB2B82AD5A00BBD8FC /* Resources */,
			);
			buildRules = (
			);
			dependencies = (
				D9152FEF2B82AD5A00BBD8FC /* PBXTargetDependency */,
			);
			name = SleepyTimeAppTests;
			productName = SleepyTimeAppTests;
			productReference = D9152FED2B82AD5A00BBD8FC /* SleepyTimeAppTests.xctest */;
			productType = "com.apple.product-type.bundle.unit-test";
		};
		D9152FF62B82AD5A00BBD8FC /* SleepyTimeAppUITests */ = {
			isa = PBXNativeTarget;
			buildConfigurationList = D91530072B82AD5A00BBD8FC /* Build configuration list for PBXNativeTarget "SleepyTimeAppUITests" */;
			buildPhases = (
				D9152FF32B82AD5A00BBD8FC /* Sources */,
				D9152FF42B82AD5A00BBD8FC /* Frameworks */,
				D9152FF52B82AD5A00BBD8FC /* Resources */,
			);
			buildRules = (
			);
			dependencies = (
				D9152FF92B82AD5A00BBD8FC /* PBXTargetDependency */,
			);
			name = SleepyTimeAppUITests;
			productName = SleepyTimeAppUITests;
			productReference = D9152FF72B82AD5A00BBD8FC /* SleepyTimeAppUITests.xctest */;
			productType = "com.apple.product-type.bundle.ui-testing";
		};
/* End PBXNativeTarget section */

/* Begin PBXProject section */
		D9152FD52B82AD5600BBD8FC /* Project object */ = {
			isa = PBXProject;
			attributes = {
				BuildIndependentTargetsInParallel = 1;
				LastSwiftUpdateCheck = 1520;
				LastUpgradeCheck = 1520;
				TargetAttributes = {
					D9152FDC2B82AD5600BBD8FC = {
						CreatedOnToolsVersion = 15.2;
					};
					D9152FEC2B82AD5A00BBD8FC = {
						CreatedOnToolsVersion = 15.2;
						TestTargetID = D9152FDC2B82AD5600BBD8FC;
					};
					D9152FF62B82AD5A00BBD8FC = {
						CreatedOnToolsVersion = 15.2;
						TestTargetID = D9152FDC2B82AD5600BBD8FC;
					};
				};
			};
			buildConfigurationList = D9152FD82B82AD5600BBD8FC /* Build configuration list for PBXProject "SleepyTimeApp" */;
			compatibilityVersion = "Xcode 14.0";
			developmentRegion = en;
			hasScannedForEncodings = 0;
			knownRegions = (
				en,
				Base,
			);
			mainGroup = D9152FD42B82AD5600BBD8FC;
			productRefGroup = D9152FDE2B82AD5600BBD8FC /* Products */;
			projectDirPath = "";
			projectRoot = "";
			targets = (
				D9152FDC2B82AD5600BBD8FC /* SleepyTimeApp */,
				D9152FEC2B82AD5A00BBD8FC /* SleepyTimeAppTests */,
				D9152FF62B82AD5A00BBD8FC /* SleepyTimeAppUITests */,
			);
		};
/* End PBXProject section */

/* Begin PBXResourcesBuildPhase section */
		D9152FDB2B82AD5600BBD8FC /* Resources */ = {
			isa = PBXResourcesBuildPhase;
			buildActionMask = 2147483647;
			files = (
				D9152FE82B82AD5900BBD8FC /* Preview Assets.xcassets in Resources */,
				D9152FE52B82AD5900BBD8FC /* Assets.xcassets in Resources */,
				D9E84E362B9FFB36006591B6 /* alarm.wav in Resources */,
			);
			runOnlyForDeploymentPostprocessing = 0;
		};
		D9152FEB2B82AD5A00BBD8FC /* Resources */ = {
			isa = PBXResourcesBuildPhase;
			buildActionMask = 2147483647;
			files = (
				D9E5757D2BA136AF009C6023 /* alarm.wav in Resources */,
			);
			runOnlyForDeploymentPostprocessing = 0;
		};
		D9152FF52B82AD5A00BBD8FC /* Resources */ = {
			isa = PBXResourcesBuildPhase;
			buildActionMask = 2147483647;
			files = (
				D9E5757E2BA136B0009C6023 /* alarm.wav in Resources */,
			);
			runOnlyForDeploymentPostprocessing = 0;
		};
/* End PBXResourcesBuildPhase section */

/* Begin PBXSourcesBuildPhase section */
		D9152FD92B82AD5600BBD8FC /* Sources */ = {
			isa = PBXSourcesBuildPhase;
			buildActionMask = 2147483647;
			files = (
				D9A4CAEA2BA7BA8A0071B9D9 /* SleepyTimeView.swift in Sources */,
				D9E84E2E2B924C8C006591B6 /* SplashScreen.swift in Sources */,
				D9152FE32B82AD5600BBD8FC /* ContentView.swift in Sources */,
				D9A4CAEE2BA7BBF80071B9D9 /* SleepStatisticsView.swift in Sources */,
				D9A4CAEC2BA7BB560071B9D9 /* SleepLogView.swift in Sources */,
				D9A4CAF02BA7BC9A0071B9D9 /* Stats.swift in Sources */,
				D9152FE12B82AD5600BBD8FC /* SleepyTimeAppApp.swift in Sources */,
				D9E575812BA13BA3009C6023 /* Sounds.swift in Sources */,
				D9A4CAF22BA7BD190071B9D9 /* SetAlarmView.swift in Sources */,
			);
			runOnlyForDeploymentPostprocessing = 0;
		};
		D9152FE92B82AD5A00BBD8FC /* Sources */ = {
			isa = PBXSourcesBuildPhase;
			buildActionMask = 2147483647;
			files = (
				D9152FF22B82AD5A00BBD8FC /* SleepyTimeAppTests.swift in Sources */,
			);
			runOnlyForDeploymentPostprocessing = 0;
		};
		D9152FF32B82AD5A00BBD8FC /* Sources */ = {
			isa = PBXSourcesBuildPhase;
			buildActionMask = 2147483647;
			files = (
				D9152FFC2B82AD5A00BBD8FC /* SleepyTimeAppUITests.swift in Sources */,
				D9152FFE2B82AD5A00BBD8FC /* SleepyTimeAppUITestsLaunchTests.swift in Sources */,
			);
			runOnlyForDeploymentPostprocessing = 0;
		};
/* End PBXSourcesBuildPhase section */

/* Begin PBXTargetDependency section */
		D9152FEF2B82AD5A00BBD8FC /* PBXTargetDependency */ = {
			isa = PBXTargetDependency;
			target = D9152FDC2B82AD5600BBD8FC /* SleepyTimeApp */;
			targetProxy = D9152FEE2B82AD5A00BBD8FC /* PBXContainerItemProxy */;
		};
		D9152FF92B82AD5A00BBD8FC /* PBXTargetDependency */ = {
			isa = PBXTargetDependency;
			target = D9152FDC2B82AD5600BBD8FC /* SleepyTimeApp */;
			targetProxy = D9152FF82B82AD5A00BBD8FC /* PBXContainerItemProxy */;
		};
/* End PBXTargetDependency section */

/* Begin XCBuildConfiguration section */
		D9152FFF2B82AD5A00BBD8FC /* Debug */ = {
			isa = XCBuildConfiguration;
			buildSettings = {
				ALWAYS_SEARCH_USER_PATHS = NO;
				ASSETCATALOG_COMPILER_GENERATE_SWIFT_ASSET_SYMBOL_EXTENSIONS = YES;
				CLANG_ANALYZER_NONNULL = YES;
				CLANG_ANALYZER_NUMBER_OBJECT_CONVERSION = YES_AGGRESSIVE;
				CLANG_CXX_LANGUAGE_STANDARD = "gnu++20";
				CLANG_ENABLE_MODULES = YES;
				CLANG_ENABLE_OBJC_ARC = YES;
				CLANG_ENABLE_OBJC_WEAK = YES;
				CLANG_WARN_BLOCK_CAPTURE_AUTORELEASING = YES;
				CLANG_WARN_BOOL_CONVERSION = YES;
				CLANG_WARN_COMMA = YES;
				CLANG_WARN_CONSTANT_CONVERSION = YES;
				CLANG_WARN_DEPRECATED_OBJC_IMPLEMENTATIONS = YES;
				CLANG_WARN_DIRECT_OBJC_ISA_USAGE = YES_ERROR;
				CLANG_WARN_DOCUMENTATION_COMMENTS = YES;
				CLANG_WARN_EMPTY_BODY = YES;
				CLANG_WARN_ENUM_CONVERSION = YES;
				CLANG_WARN_INFINITE_RECURSION = YES;
				CLANG_WARN_INT_CONVERSION = YES;
				CLANG_WARN_NON_LITERAL_NULL_CONVERSION = YES;
				CLANG_WARN_OBJC_IMPLICIT_RETAIN_SELF = YES;
				CLANG_WARN_OBJC_LITERAL_CONVERSION = YES;
				CLANG_WARN_OBJC_ROOT_CLASS = YES_ERROR;
				CLANG_WARN_QUOTED_INCLUDE_IN_FRAMEWORK_HEADER = YES;
				CLANG_WARN_RANGE_LOOP_ANALYSIS = YES;
				CLANG_WARN_STRICT_PROTOTYPES = YES;
				CLANG_WARN_SUSPICIOUS_MOVE = YES;
				CLANG_WARN_UNGUARDED_AVAILABILITY = YES_AGGRESSIVE;
				CLANG_WARN_UNREACHABLE_CODE = YES;
				CLANG_WARN__DUPLICATE_METHOD_MATCH = YES;
				COPY_PHASE_STRIP = NO;
				DEBUG_INFORMATION_FORMAT = dwarf;
				ENABLE_STRICT_OBJC_MSGSEND = YES;
				ENABLE_TESTABILITY = YES;
				ENABLE_USER_SCRIPT_SANDBOXING = YES;
				GCC_C_LANGUAGE_STANDARD = gnu17;
				GCC_DYNAMIC_NO_PIC = NO;
				GCC_NO_COMMON_BLOCKS = YES;
				GCC_OPTIMIZATION_LEVEL = 0;
				GCC_PREPROCESSOR_DEFINITIONS = (
					"DEBUG=1",
					"$(inherited)",
				);
				GCC_WARN_64_TO_32_BIT_CONVERSION = YES;
				GCC_WARN_ABOUT_RETURN_TYPE = YES_ERROR;
				GCC_WARN_UNDECLARED_SELECTOR = YES;
				GCC_WARN_UNINITIALIZED_AUTOS = YES_AGGRESSIVE;
				GCC_WARN_UNUSED_FUNCTION = YES;
				GCC_WARN_UNUSED_VARIABLE = YES;
				IPHONEOS_DEPLOYMENT_TARGET = 17.2;
				LOCALIZATION_PREFERS_STRING_CATALOGS = YES;
				MTL_ENABLE_DEBUG_INFO = INCLUDE_SOURCE;
				MTL_FAST_MATH = YES;
				ONLY_ACTIVE_ARCH = YES;
				SDKROOT = iphoneos;
				SWIFT_ACTIVE_COMPILATION_CONDITIONS = "DEBUG $(inherited)";
				SWIFT_OPTIMIZATION_LEVEL = "-Onone";
			};
			name = Debug;
		};
		D91530002B82AD5A00BBD8FC /* Release */ = {
			isa = XCBuildConfiguration;
			buildSettings = {
				ALWAYS_SEARCH_USER_PATHS = NO;
				ASSETCATALOG_COMPILER_GENERATE_SWIFT_ASSET_SYMBOL_EXTENSIONS = YES;
				CLANG_ANALYZER_NONNULL = YES;
				CLANG_ANALYZER_NUMBER_OBJECT_CONVERSION = YES_AGGRESSIVE;
				CLANG_CXX_LANGUAGE_STANDARD = "gnu++20";
				CLANG_ENABLE_MODULES = YES;
				CLANG_ENABLE_OBJC_ARC = YES;
				CLANG_ENABLE_OBJC_WEAK = YES;
				CLANG_WARN_BLOCK_CAPTURE_AUTORELEASING = YES;
				CLANG_WARN_BOOL_CONVERSION = YES;
				CLANG_WARN_COMMA = YES;
				CLANG_WARN_CONSTANT_CONVERSION = YES;
				CLANG_WARN_DEPRECATED_OBJC_IMPLEMENTATIONS = YES;
				CLANG_WARN_DIRECT_OBJC_ISA_USAGE = YES_ERROR;
				CLANG_WARN_DOCUMENTATION_COMMENTS = YES;
				CLANG_WARN_EMPTY_BODY = YES;
				CLANG_WARN_ENUM_CONVERSION = YES;
				CLANG_WARN_INFINITE_RECURSION = YES;
				CLANG_WARN_INT_CONVERSION = YES;
				CLANG_WARN_NON_LITERAL_NULL_CONVERSION = YES;
				CLANG_WARN_OBJC_IMPLICIT_RETAIN_SELF = YES;
				CLANG_WARN_OBJC_LITERAL_CONVERSION = YES;
				CLANG_WARN_OBJC_ROOT_CLASS = YES_ERROR;
				CLANG_WARN_QUOTED_INCLUDE_IN_FRAMEWORK_HEADER = YES;
				CLANG_WARN_RANGE_LOOP_ANALYSIS = YES;
				CLANG_WARN_STRICT_PROTOTYPES = YES;
				CLANG_WARN_SUSPICIOUS_MOVE = YES;
				CLANG_WARN_UNGUARDED_AVAILABILITY = YES_AGGRESSIVE;
				CLANG_WARN_UNREACHABLE_CODE = YES;
				CLANG_WARN__DUPLICATE_METHOD_MATCH = YES;
				COPY_PHASE_STRIP = NO;
				DEBUG_INFORMATION_FORMAT = "dwarf-with-dsym";
				ENABLE_NS_ASSERTIONS = NO;
				ENABLE_STRICT_OBJC_MSGSEND = YES;
				ENABLE_USER_SCRIPT_SANDBOXING = YES;
				GCC_C_LANGUAGE_STANDARD = gnu17;
				GCC_NO_COMMON_BLOCKS = YES;
				GCC_WARN_64_TO_32_BIT_CONVERSION = YES;
				GCC_WARN_ABOUT_RETURN_TYPE = YES_ERROR;
				GCC_WARN_UNDECLARED_SELECTOR = YES;
				GCC_WARN_UNINITIALIZED_AUTOS = YES_AGGRESSIVE;
				GCC_WARN_UNUSED_FUNCTION = YES;
				GCC_WARN_UNUSED_VARIABLE = YES;
				IPHONEOS_DEPLOYMENT_TARGET = 17.2;
				LOCALIZATION_PREFERS_STRING_CATALOGS = YES;
				MTL_ENABLE_DEBUG_INFO = NO;
				MTL_FAST_MATH = YES;
				SDKROOT = iphoneos;
				SWIFT_COMPILATION_MODE = wholemodule;
				VALIDATE_PRODUCT = YES;
			};
			name = Release;
		};
		D91530022B82AD5A00BBD8FC /* Debug */ = {
			isa = XCBuildConfiguration;
			buildSettings = {
				ASSETCATALOG_COMPILER_APPICON_NAME = AppIcon;
				ASSETCATALOG_COMPILER_GLOBAL_ACCENT_COLOR_NAME = AccentColor;
				CODE_SIGN_STYLE = Automatic;
				CURRENT_PROJECT_VERSION = 1;
				DEVELOPMENT_ASSET_PATHS = "\"SleepyTimeApp/Preview Content\"";
				DEVELOPMENT_TEAM = 5S32FVBD39;
				ENABLE_PREVIEWS = YES;
				GENERATE_INFOPLIST_FILE = YES;
				INFOPLIST_KEY_UIApplicationSceneManifest_Generation = YES;
				INFOPLIST_KEY_UIApplicationSupportsIndirectInputEvents = YES;
				INFOPLIST_KEY_UILaunchScreen_Generation = YES;
				INFOPLIST_KEY_UISupportedInterfaceOrientations_iPad = "UIInterfaceOrientationPortrait UIInterfaceOrientationPortraitUpsideDown UIInterfaceOrientationLandscapeLeft UIInterfaceOrientationLandscapeRight";
				INFOPLIST_KEY_UISupportedInterfaceOrientations_iPhone = "UIInterfaceOrientationPortrait UIInterfaceOrientationLandscapeLeft UIInterfaceOrientationLandscapeRight";
				LD_RUNPATH_SEARCH_PATHS = (
					"$(inherited)",
					"@executable_path/Frameworks",
				);
				MARKETING_VERSION = 1.0;
				PRODUCT_BUNDLE_IDENTIFIER = SleepyTimeCompanyAlarmApp;
				PRODUCT_NAME = "$(TARGET_NAME)";
				SWIFT_EMIT_LOC_STRINGS = YES;
				SWIFT_VERSION = 5.0;
				TARGETED_DEVICE_FAMILY = "1,2";
			};
			name = Debug;
		};
		D91530032B82AD5A00BBD8FC /* Release */ = {
			isa = XCBuildConfiguration;
			buildSettings = {
				ASSETCATALOG_COMPILER_APPICON_NAME = AppIcon;
				ASSETCATALOG_COMPILER_GLOBAL_ACCENT_COLOR_NAME = AccentColor;
				CODE_SIGN_STYLE = Automatic;
				CURRENT_PROJECT_VERSION = 1;
				DEVELOPMENT_ASSET_PATHS = "\"SleepyTimeApp/Preview Content\"";
				DEVELOPMENT_TEAM = 5S32FVBD39;
				ENABLE_PREVIEWS = YES;
				GENERATE_INFOPLIST_FILE = YES;
				INFOPLIST_KEY_UIApplicationSceneManifest_Generation = YES;
				INFOPLIST_KEY_UIApplicationSupportsIndirectInputEvents = YES;
				INFOPLIST_KEY_UILaunchScreen_Generation = YES;
				INFOPLIST_KEY_UISupportedInterfaceOrientations_iPad = "UIInterfaceOrientationPortrait UIInterfaceOrientationPortraitUpsideDown UIInterfaceOrientationLandscapeLeft UIInterfaceOrientationLandscapeRight";
				INFOPLIST_KEY_UISupportedInterfaceOrientations_iPhone = "UIInterfaceOrientationPortrait UIInterfaceOrientationLandscapeLeft UIInterfaceOrientationLandscapeRight";
				LD_RUNPATH_SEARCH_PATHS = (
					"$(inherited)",
					"@executable_path/Frameworks",
				);
				MARKETING_VERSION = 1.0;
				PRODUCT_BUNDLE_IDENTIFIER = SleepyTimeCompanyAlarmApp;
				PRODUCT_NAME = "$(TARGET_NAME)";
				SWIFT_EMIT_LOC_STRINGS = YES;
				SWIFT_VERSION = 5.0;
				TARGETED_DEVICE_FAMILY = "1,2";
			};
			name = Release;
		};
		D91530052B82AD5A00BBD8FC /* Debug */ = {
			isa = XCBuildConfiguration;
			buildSettings = {
				ALWAYS_EMBED_SWIFT_STANDARD_LIBRARIES = YES;
				BUNDLE_LOADER = "$(TEST_HOST)";
				CODE_SIGN_STYLE = Automatic;
				CURRENT_PROJECT_VERSION = 1;
				GENERATE_INFOPLIST_FILE = YES;
				IPHONEOS_DEPLOYMENT_TARGET = 17.2;
				MARKETING_VERSION = 1.0;
				PRODUCT_BUNDLE_IDENTIFIER = SleepyTime.SleepyTimeAppTests;
				PRODUCT_NAME = "$(TARGET_NAME)";
				SWIFT_EMIT_LOC_STRINGS = NO;
				SWIFT_VERSION = 5.0;
				TARGETED_DEVICE_FAMILY = "1,2";
				TEST_HOST = "$(BUILT_PRODUCTS_DIR)/SleepyTimeApp.app/$(BUNDLE_EXECUTABLE_FOLDER_PATH)/SleepyTimeApp";
			};
			name = Debug;
		};
		D91530062B82AD5A00BBD8FC /* Release */ = {
			isa = XCBuildConfiguration;
			buildSettings = {
				ALWAYS_EMBED_SWIFT_STANDARD_LIBRARIES = YES;
				BUNDLE_LOADER = "$(TEST_HOST)";
				CODE_SIGN_STYLE = Automatic;
				CURRENT_PROJECT_VERSION = 1;
				GENERATE_INFOPLIST_FILE = YES;
				IPHONEOS_DEPLOYMENT_TARGET = 17.2;
				MARKETING_VERSION = 1.0;
				PRODUCT_BUNDLE_IDENTIFIER = SleepyTime.SleepyTimeAppTests;
				PRODUCT_NAME = "$(TARGET_NAME)";
				SWIFT_EMIT_LOC_STRINGS = NO;
				SWIFT_VERSION = 5.0;
				TARGETED_DEVICE_FAMILY = "1,2";
				TEST_HOST = "$(BUILT_PRODUCTS_DIR)/SleepyTimeApp.app/$(BUNDLE_EXECUTABLE_FOLDER_PATH)/SleepyTimeApp";
			};
			name = Release;
		};
		D91530082B82AD5A00BBD8FC /* Debug */ = {
			isa = XCBuildConfiguration;
			buildSettings = {
				ALWAYS_EMBED_SWIFT_STANDARD_LIBRARIES = YES;
				CODE_SIGN_STYLE = Automatic;
				CURRENT_PROJECT_VERSION = 1;
				GENERATE_INFOPLIST_FILE = YES;
				MARKETING_VERSION = 1.0;
				PRODUCT_BUNDLE_IDENTIFIER = SleepyTime.SleepyTimeAppUITests;
				PRODUCT_NAME = "$(TARGET_NAME)";
				SWIFT_EMIT_LOC_STRINGS = NO;
				SWIFT_VERSION = 5.0;
				TARGETED_DEVICE_FAMILY = "1,2";
				TEST_TARGET_NAME = SleepyTimeApp;
			};
			name = Debug;
		};
		D91530092B82AD5A00BBD8FC /* Release */ = {
			isa = XCBuildConfiguration;
			buildSettings = {
				ALWAYS_EMBED_SWIFT_STANDARD_LIBRARIES = YES;
				CODE_SIGN_STYLE = Automatic;
				CURRENT_PROJECT_VERSION = 1;
				GENERATE_INFOPLIST_FILE = YES;
				MARKETING_VERSION = 1.0;
				PRODUCT_BUNDLE_IDENTIFIER = SleepyTime.SleepyTimeAppUITests;
				PRODUCT_NAME = "$(TARGET_NAME)";
				SWIFT_EMIT_LOC_STRINGS = NO;
				SWIFT_VERSION = 5.0;
				TARGETED_DEVICE_FAMILY = "1,2";
				TEST_TARGET_NAME = SleepyTimeApp;
			};
			name = Release;
		};
/* End XCBuildConfiguration section */

/* Begin XCConfigurationList section */
		D9152FD82B82AD5600BBD8FC /* Build configuration list for PBXProject "SleepyTimeApp" */ = {
			isa = XCConfigurationList;
			buildConfigurations = (
				D9152FFF2B82AD5A00BBD8FC /* Debug */,
				D91530002B82AD5A00BBD8FC /* Release */,
			);
			defaultConfigurationIsVisible = 0;
			defaultConfigurationName = Release;
		};
		D91530012B82AD5A00BBD8FC /* Build configuration list for PBXNativeTarget "SleepyTimeApp" */ = {
			isa = XCConfigurationList;
			buildConfigurations = (
				D91530022B82AD5A00BBD8FC /* Debug */,
				D91530032B82AD5A00BBD8FC /* Release */,
			);
			defaultConfigurationIsVisible = 0;
			defaultConfigurationName = Release;
		};
		D91530042B82AD5A00BBD8FC /* Build configuration list for PBXNativeTarget "SleepyTimeAppTests" */ = {
			isa = XCConfigurationList;
			buildConfigurations = (
				D91530052B82AD5A00BBD8FC /* Debug */,
				D91530062B82AD5A00BBD8FC /* Release */,
			);
			defaultConfigurationIsVisible = 0;
			defaultConfigurationName = Release;
		};
		D91530072B82AD5A00BBD8FC /* Build configuration list for PBXNativeTarget "SleepyTimeAppUITests" */ = {
			isa = XCConfigurationList;
			buildConfigurations = (
				D91530082B82AD5A00BBD8FC /* Debug */,
				D91530092B82AD5A00BBD8FC /* Release */,
			);
			defaultConfigurationIsVisible = 0;
			defaultConfigurationName = Release;
		};
/* End XCConfigurationList section */
	};
	rootObject = D9152FD52B82AD5600BBD8FC /* Project object */;
}
